// !$*UTF8*$!
{
	archiveVersion = 1;
	classes = {
	};
	objectVersion = 50;
	objects = {

/* Begin PBXBuildFile section */
		2003EF9C20F634E4002C4383 /* AppDelegate.swift in Sources */ = {isa = PBXBuildFile; fileRef = 2003EF9B20F634E4002C4383 /* AppDelegate.swift */; };
		2003EF9E20F634E4002C4383 /* ViewController.swift in Sources */ = {isa = PBXBuildFile; fileRef = 2003EF9D20F634E4002C4383 /* ViewController.swift */; };
		2003EFA120F634E4002C4383 /* Main.storyboard in Resources */ = {isa = PBXBuildFile; fileRef = 2003EF9F20F634E4002C4383 /* Main.storyboard */; };
		2003EFA320F634E5002C4383 /* Assets.xcassets in Resources */ = {isa = PBXBuildFile; fileRef = 2003EFA220F634E5002C4383 /* Assets.xcassets */; };
		2003EFA620F634E5002C4383 /* LaunchScreen.storyboard in Resources */ = {isa = PBXBuildFile; fileRef = 2003EFA420F634E5002C4383 /* LaunchScreen.storyboard */; };
		2003EFB120F634E5002C4383 /* AlzahemTests.swift in Sources */ = {isa = PBXBuildFile; fileRef = 2003EFB020F634E5002C4383 /* AlzahemTests.swift */; };
		2003EFBC20F634E5002C4383 /* AlzahemUITests.swift in Sources */ = {isa = PBXBuildFile; fileRef = 2003EFBB20F634E5002C4383 /* AlzahemUITests.swift */; };
/* End PBXBuildFile section */

/* Begin PBXContainerItemProxy section */
		2003EFAD20F634E5002C4383 /* PBXContainerItemProxy */ = {
			isa = PBXContainerItemProxy;
			containerPortal = 2003EF9020F634E4002C4383 /* Project object */;
			proxyType = 1;
			remoteGlobalIDString = 2003EF9720F634E4002C4383;
			remoteInfo = Alzahem;
		};
		2003EFB820F634E5002C4383 /* PBXContainerItemProxy */ = {
			isa = PBXContainerItemProxy;
			containerPortal = 2003EF9020F634E4002C4383 /* Project object */;
			proxyType = 1;
			remoteGlobalIDString = 2003EF9720F634E4002C4383;
			remoteInfo = Alzahem;
		};
/* End PBXContainerItemProxy section */

/* Begin PBXFileReference section */
		2003EF9820F634E4002C4383 /* Alzahem.app */ = {isa = PBXFileReference; explicitFileType = wrapper.application; includeInIndex = 0; path = Alzahem.app; sourceTree = BUILT_PRODUCTS_DIR; };
		2003EF9B20F634E4002C4383 /* AppDelegate.swift */ = {isa = PBXFileReference; lastKnownFileType = sourcecode.swift; path = AppDelegate.swift; sourceTree = "<group>"; };
		2003EF9D20F634E4002C4383 /* ViewController.swift */ = {isa = PBXFileReference; lastKnownFileType = sourcecode.swift; path = ViewController.swift; sourceTree = "<group>"; };
		2003EFA020F634E4002C4383 /* Base */ = {isa = PBXFileReference; lastKnownFileType = file.storyboard; name = Base; path = Base.lproj/Main.storyboard; sourceTree = "<group>"; };
		2003EFA220F634E5002C4383 /* Assets.xcassets */ = {isa = PBXFileReference; lastKnownFileType = folder.assetcatalog; path = Assets.xcassets; sourceTree = "<group>"; };
		2003EFA520F634E5002C4383 /* Base */ = {isa = PBXFileReference; lastKnownFileType = file.storyboard; name = Base; path = Base.lproj/LaunchScreen.storyboard; sourceTree = "<group>"; };
		2003EFA720F634E5002C4383 /* Info.plist */ = {isa = PBXFileReference; lastKnownFileType = text.plist.xml; path = Info.plist; sourceTree = "<group>"; };
		2003EFAC20F634E5002C4383 /* AlzahemTests.xctest */ = {isa = PBXFileReference; explicitFileType = wrapper.cfbundle; includeInIndex = 0; path = AlzahemTests.xctest; sourceTree = BUILT_PRODUCTS_DIR; };
		2003EFB020F634E5002C4383 /* AlzahemTests.swift */ = {isa = PBXFileReference; lastKnownFileType = sourcecode.swift; path = AlzahemTests.swift; sourceTree = "<group>"; };
		2003EFB220F634E5002C4383 /* Info.plist */ = {isa = PBXFileReference; lastKnownFileType = text.plist.xml; path = Info.plist; sourceTree = "<group>"; };
		2003EFB720F634E5002C4383 /* AlzahemUITests.xctest */ = {isa = PBXFileReference; explicitFileType = wrapper.cfbundle; includeInIndex = 0; path = AlzahemUITests.xctest; sourceTree = BUILT_PRODUCTS_DIR; };
		2003EFBB20F634E5002C4383 /* AlzahemUITests.swift */ = {isa = PBXFileReference; lastKnownFileType = sourcecode.swift; path = AlzahemUITests.swift; sourceTree = "<group>"; };
		2003EFBD20F634E5002C4383 /* Info.plist */ = {isa = PBXFileReference; lastKnownFileType = text.plist.xml; path = Info.plist; sourceTree = "<group>"; };
/* End PBXFileReference section */

/* Begin PBXFrameworksBuildPhase section */
		2003EF9520F634E4002C4383 /* Frameworks */ = {
			isa = PBXFrameworksBuildPhase;
			buildActionMask = 2147483647;
			files = (
			);
			runOnlyForDeploymentPostprocessing = 0;
		};
		2003EFA920F634E5002C4383 /* Frameworks */ = {
			isa = PBXFrameworksBuildPhase;
			buildActionMask = 2147483647;
			files = (
			);
			runOnlyForDeploymentPostprocessing = 0;
		};
		2003EFB420F634E5002C4383 /* Frameworks */ = {
			isa = PBXFrameworksBuildPhase;
			buildActionMask = 2147483647;
			files = (
			);
			runOnlyForDeploymentPostprocessing = 0;
		};
/* End PBXFrameworksBuildPhase section */

/* Begin PBXGroup section */
		2003EF8F20F634E4002C4383 = {
			isa = PBXGroup;
			children = (
				2003EF9A20F634E4002C4383 /* Alzahem */,
				2003EFAF20F634E5002C4383 /* AlzahemTests */,
				2003EFBA20F634E5002C4383 /* AlzahemUITests */,
				2003EF9920F634E4002C4383 /* Products */,
			);
			sourceTree = "<group>";
		};
		2003EF9920F634E4002C4383 /* Products */ = {
			isa = PBXGroup;
			children = (
				2003EF9820F634E4002C4383 /* Alzahem.app */,
				2003EFAC20F634E5002C4383 /* AlzahemTests.xctest */,
				2003EFB720F634E5002C4383 /* AlzahemUITests.xctest */,
			);
			name = Products;
			sourceTree = "<group>";
		};
		2003EF9A20F634E4002C4383 /* Alzahem */ = {
			isa = PBXGroup;
			children = (
				2003EF9B20F634E4002C4383 /* AppDelegate.swift */,
				2003EF9D20F634E4002C4383 /* ViewController.swift */,
				2003EF9F20F634E4002C4383 /* Main.storyboard */,
				2003EFA220F634E5002C4383 /* Assets.xcassets */,
				2003EFA420F634E5002C4383 /* LaunchScreen.storyboard */,
				2003EFA720F634E5002C4383 /* Info.plist */,
			);
			path = Alzahem;
			sourceTree = "<group>";
		};
		2003EFAF20F634E5002C4383 /* AlzahemTests */ = {
			isa = PBXGroup;
			children = (
				2003EFB020F634E5002C4383 /* AlzahemTests.swift */,
				2003EFB220F634E5002C4383 /* Info.plist */,
			);
			path = AlzahemTests;
			sourceTree = "<group>";
		};
		2003EFBA20F634E5002C4383 /* AlzahemUITests */ = {
			isa = PBXGroup;
			children = (
				2003EFBB20F634E5002C4383 /* AlzahemUITests.swift */,
				2003EFBD20F634E5002C4383 /* Info.plist */,
			);
			path = AlzahemUITests;
			sourceTree = "<group>";
		};
/* End PBXGroup section */

/* Begin PBXNativeTarget section */
		2003EF9720F634E4002C4383 /* Alzahem */ = {
			isa = PBXNativeTarget;
			buildConfigurationList = 2003EFC020F634E5002C4383 /* Build configuration list for PBXNativeTarget "Alzahem" */;
			buildPhases = (
				2003EF9420F634E4002C4383 /* Sources */,
				2003EF9520F634E4002C4383 /* Frameworks */,
				2003EF9620F634E4002C4383 /* Resources */,
			);
			buildRules = (
			);
			dependencies = (
			);
			name = Alzahem;
			productName = Alzahem;
			productReference = 2003EF9820F634E4002C4383 /* Alzahem.app */;
			productType = "com.apple.product-type.application";
		};
		2003EFAB20F634E5002C4383 /* AlzahemTests */ = {
			isa = PBXNativeTarget;
			buildConfigurationList = 2003EFC320F634E5002C4383 /* Build configuration list for PBXNativeTarget "AlzahemTests" */;
			buildPhases = (
				2003EFA820F634E5002C4383 /* Sources */,
				2003EFA920F634E5002C4383 /* Frameworks */,
				2003EFAA20F634E5002C4383 /* Resources */,
			);
			buildRules = (
			);
			dependencies = (
				2003EFAE20F634E5002C4383 /* PBXTargetDependency */,
			);
			name = AlzahemTests;
			productName = AlzahemTests;
			productReference = 2003EFAC20F634E5002C4383 /* AlzahemTests.xctest */;
			productType = "com.apple.product-type.bundle.unit-test";
		};
		2003EFB620F634E5002C4383 /* AlzahemUITests */ = {
			isa = PBXNativeTarget;
			buildConfigurationList = 2003EFC620F634E5002C4383 /* Build configuration list for PBXNativeTarget "AlzahemUITests" */;
			buildPhases = (
				2003EFB320F634E5002C4383 /* Sources */,
				2003EFB420F634E5002C4383 /* Frameworks */,
				2003EFB520F634E5002C4383 /* Resources */,
			);
			buildRules = (
			);
			dependencies = (
				2003EFB920F634E5002C4383 /* PBXTargetDependency */,
			);
			name = AlzahemUITests;
			productName = AlzahemUITests;
			productReference = 2003EFB720F634E5002C4383 /* AlzahemUITests.xctest */;
			productType = "com.apple.product-type.bundle.ui-testing";
		};
/* End PBXNativeTarget section */

/* Begin PBXProject section */
		2003EF9020F634E4002C4383 /* Project object */ = {
			isa = PBXProject;
			attributes = {
				LastSwiftUpdateCheck = 0940;
				LastUpgradeCheck = 0940;
				ORGANIZATIONNAME = "ibrahim M. samak";
				TargetAttributes = {
					2003EF9720F634E4002C4383 = {
						CreatedOnToolsVersion = 9.4.1;
					};
					2003EFAB20F634E5002C4383 = {
						CreatedOnToolsVersion = 9.4.1;
						TestTargetID = 2003EF9720F634E4002C4383;
					};
					2003EFB620F634E5002C4383 = {
						CreatedOnToolsVersion = 9.4.1;
						TestTargetID = 2003EF9720F634E4002C4383;
					};
				};
			};
			buildConfigurationList = 2003EF9320F634E4002C4383 /* Build configuration list for PBXProject "Alzahem" */;
			compatibilityVersion = "Xcode 9.3";
			developmentRegion = en;
			hasScannedForEncodings = 0;
			knownRegions = (
				en,
				Base,
			);
			mainGroup = 2003EF8F20F634E4002C4383;
			productRefGroup = 2003EF9920F634E4002C4383 /* Products */;
			projectDirPath = "";
			projectRoot = "";
			targets = (
				2003EF9720F634E4002C4383 /* Alzahem */,
				2003EFAB20F634E5002C4383 /* AlzahemTests */,
				2003EFB620F634E5002C4383 /* AlzahemUITests */,
			);
		};
/* End PBXProject section */

/* Begin PBXResourcesBuildPhase section */
		2003EF9620F634E4002C4383 /* Resources */ = {
			isa = PBXResourcesBuildPhase;
			buildActionMask = 2147483647;
			files = (
				2003EFA620F634E5002C4383 /* LaunchScreen.storyboard in Resources */,
				2003EFA320F634E5002C4383 /* Assets.xcassets in Resources */,
				2003EFA120F634E4002C4383 /* Main.storyboard in Resources */,
			);
			runOnlyForDeploymentPostprocessing = 0;
		};
		2003EFAA20F634E5002C4383 /* Resources */ = {
			isa = PBXResourcesBuildPhase;
			buildActionMask = 2147483647;
			files = (
			);
			runOnlyForDeploymentPostprocessing = 0;
		};
		2003EFB520F634E5002C4383 /* Resources */ = {
			isa = PBXResourcesBuildPhase;
			buildActionMask = 2147483647;
			files = (
			);
			runOnlyForDeploymentPostprocessing = 0;
		};
/* End PBXResourcesBuildPhase section */

/* Begin PBXSourcesBuildPhase section */
		2003EF9420F634E4002C4383 /* Sources */ = {
			isa = PBXSourcesBuildPhase;
			buildActionMask = 2147483647;
			files = (
				2003EF9E20F634E4002C4383 /* ViewController.swift in Sources */,
				2003EF9C20F634E4002C4383 /* AppDelegate.swift in Sources */,
			);
			runOnlyForDeploymentPostprocessing = 0;
		};
		2003EFA820F634E5002C4383 /* Sources */ = {
			isa = PBXSourcesBuildPhase;
			buildActionMask = 2147483647;
			files = (
				2003EFB120F634E5002C4383 /* AlzahemTests.swift in Sources */,
			);
			runOnlyForDeploymentPostprocessing = 0;
		};
		2003EFB320F634E5002C4383 /* Sources */ = {
			isa = PBXSourcesBuildPhase;
			buildActionMask = 2147483647;
			files = (
				2003EFBC20F634E5002C4383 /* AlzahemUITests.swift in Sources */,
			);
			runOnlyForDeploymentPostprocessing = 0;
		};
/* End PBXSourcesBuildPhase section */

/* Begin PBXTargetDependency section */
		2003EFAE20F634E5002C4383 /* PBXTargetDependency */ = {
			isa = PBXTargetDependency;
			target = 2003EF9720F634E4002C4383 /* Alzahem */;
			targetProxy = 2003EFAD20F634E5002C4383 /* PBXContainerItemProxy */;
		};
		2003EFB920F634E5002C4383 /* PBXTargetDependency */ = {
			isa = PBXTargetDependency;
			target = 2003EF9720F634E4002C4383 /* Alzahem */;
			targetProxy = 2003EFB820F634E5002C4383 /* PBXContainerItemProxy */;
		};
/* End PBXTargetDependency section */

/* Begin PBXVariantGroup section */
		2003EF9F20F634E4002C4383 /* Main.storyboard */ = {
			isa = PBXVariantGroup;
			children = (
				2003EFA020F634E4002C4383 /* Base */,
			);
			name = Main.storyboard;
			sourceTree = "<group>";
		};
		2003EFA420F634E5002C4383 /* LaunchScreen.storyboard */ = {
			isa = PBXVariantGroup;
			children = (
				2003EFA520F634E5002C4383 /* Base */,
			);
			name = LaunchScreen.storyboard;
			sourceTree = "<group>";
		};
/* End PBXVariantGroup section */

/* Begin XCBuildConfiguration section */
		2003EFBE20F634E5002C4383 /* Debug */ = {
			isa = XCBuildConfiguration;
			buildSettings = {
				ALWAYS_SEARCH_USER_PATHS = NO;
				CLANG_ANALYZER_NONNULL = YES;
				CLANG_ANALYZER_NUMBER_OBJECT_CONVERSION = YES_AGGRESSIVE;
				CLANG_CXX_LANGUAGE_STANDARD = "gnu++14";
				CLANG_CXX_LIBRARY = "libc++";
				CLANG_ENABLE_MODULES = YES;
				CLANG_ENABLE_OBJC_ARC = YES;
				CLANG_ENABLE_OBJC_WEAK = YES;
				CLANG_WARN_BLOCK_CAPTURE_AUTORELEASING = YES;
				CLANG_WARN_BOOL_CONVERSION = YES;
				CLANG_WARN_COMMA = YES;
				CLANG_WARN_CONSTANT_CONVERSION = YES;
				CLANG_WARN_DEPRECATED_OBJC_IMPLEMENTATIONS = YES;
				CLANG_WARN_DIRECT_OBJC_ISA_USAGE = YES_ERROR;
				CLANG_WARN_DOCUMENTATION_COMMENTS = YES;
				CLANG_WARN_EMPTY_BODY = YES;
				CLANG_WARN_ENUM_CONVERSION = YES;
				CLANG_WARN_INFINITE_RECURSION = YES;
				CLANG_WARN_INT_CONVERSION = YES;
				CLANG_WARN_NON_LITERAL_NULL_CONVERSION = YES;
				CLANG_WARN_OBJC_IMPLICIT_RETAIN_SELF = YES;
				CLANG_WARN_OBJC_LITERAL_CONVERSION = YES;
				CLANG_WARN_OBJC_ROOT_CLASS = YES_ERROR;
				CLANG_WARN_RANGE_LOOP_ANALYSIS = YES;
				CLANG_WARN_STRICT_PROTOTYPES = YES;
				CLANG_WARN_SUSPICIOUS_MOVE = YES;
				CLANG_WARN_UNGUARDED_AVAILABILITY = YES_AGGRESSIVE;
				CLANG_WARN_UNREACHABLE_CODE = YES;
				CLANG_WARN__DUPLICATE_METHOD_MATCH = YES;
				CODE_SIGN_IDENTITY = "iPhone Developer";
				COPY_PHASE_STRIP = NO;
				DEBUG_INFORMATION_FORMAT = dwarf;
				ENABLE_STRICT_OBJC_MSGSEND = YES;
				ENABLE_TESTABILITY = YES;
				GCC_C_LANGUAGE_STANDARD = gnu11;
				GCC_DYNAMIC_NO_PIC = NO;
				GCC_NO_COMMON_BLOCKS = YES;
				GCC_OPTIMIZATION_LEVEL = 0;
				GCC_PREPROCESSOR_DEFINITIONS = (
					"DEBUG=1",
					"$(inherited)",
				);
				GCC_WARN_64_TO_32_BIT_CONVERSION = YES;
				GCC_WARN_ABOUT_RETURN_TYPE = YES_ERROR;
				GCC_WARN_UNDECLARED_SELECTOR = YES;
				GCC_WARN_UNINITIALIZED_AUTOS = YES_AGGRESSIVE;
				GCC_WARN_UNUSED_FUNCTION = YES;
				GCC_WARN_UNUSED_VARIABLE = YES;
				IPHONEOS_DEPLOYMENT_TARGET = 11.4;
				MTL_ENABLE_DEBUG_INFO = YES;
				ONLY_ACTIVE_ARCH = YES;
				SDKROOT = iphoneos;
				SWIFT_ACTIVE_COMPILATION_CONDITIONS = DEBUG;
				SWIFT_OPTIMIZATION_LEVEL = "-Onone";
			};
			name = Debug;
		};
		2003EFBF20F634E5002C4383 /* Release */ = {
			isa = XCBuildConfiguration;
			buildSettings = {
				ALWAYS_SEARCH_USER_PATHS = NO;
				CLANG_ANALYZER_NONNULL = YES;
				CLANG_ANALYZER_NUMBER_OBJECT_CONVERSION = YES_AGGRESSIVE;
				CLANG_CXX_LANGUAGE_STANDARD = "gnu++14";
				CLANG_CXX_LIBRARY = "libc++";
				CLANG_ENABLE_MODULES = YES;
				CLANG_ENABLE_OBJC_ARC = YES;
				CLANG_ENABLE_OBJC_WEAK = YES;
				CLANG_WARN_BLOCK_CAPTURE_AUTORELEASING = YES;
				CLANG_WARN_BOOL_CONVERSION = YES;
				CLANG_WARN_COMMA = YES;
				CLANG_WARN_CONSTANT_CONVERSION = YES;
				CLANG_WARN_DEPRECATED_OBJC_IMPLEMENTATIONS = YES;
				CLANG_WARN_DIRECT_OBJC_ISA_USAGE = YES_ERROR;
				CLANG_WARN_DOCUMENTATION_COMMENTS = YES;
				CLANG_WARN_EMPTY_BODY = YES;
				CLANG_WARN_ENUM_CONVERSION = YES;
				CLANG_WARN_INFINITE_RECURSION = YES;
				CLANG_WARN_INT_CONVERSION = YES;
				CLANG_WARN_NON_LITERAL_NULL_CONVERSION = YES;
				CLANG_WARN_OBJC_IMPLICIT_RETAIN_SELF = YES;
				CLANG_WARN_OBJC_LITERAL_CONVERSION = YES;
				CLANG_WARN_OBJC_ROOT_CLASS = YES_ERROR;
				CLANG_WARN_RANGE_LOOP_ANALYSIS = YES;
				CLANG_WARN_STRICT_PROTOTYPES = YES;
				CLANG_WARN_SUSPICIOUS_MOVE = YES;
				CLANG_WARN_UNGUARDED_AVAILABILITY = YES_AGGRESSIVE;
				CLANG_WARN_UNREACHABLE_CODE = YES;
				CLANG_WARN__DUPLICATE_METHOD_MATCH = YES;
				CODE_SIGN_IDENTITY = "iPhone Developer";
				COPY_PHASE_STRIP = NO;
				DEBUG_INFORMATION_FORMAT = "dwarf-with-dsym";
				ENABLE_NS_ASSERTIONS = NO;
				ENABLE_STRICT_OBJC_MSGSEND = YES;
				GCC_C_LANGUAGE_STANDARD = gnu11;
				GCC_NO_COMMON_BLOCKS = YES;
				GCC_WARN_64_TO_32_BIT_CONVERSION = YES;
				GCC_WARN_ABOUT_RETURN_TYPE = YES_ERROR;
				GCC_WARN_UNDECLARED_SELECTOR = YES;
				GCC_WARN_UNINITIALIZED_AUTOS = YES_AGGRESSIVE;
				GCC_WARN_UNUSED_FUNCTION = YES;
				GCC_WARN_UNUSED_VARIABLE = YES;
				IPHONEOS_DEPLOYMENT_TARGET = 11.4;
				MTL_ENABLE_DEBUG_INFO = NO;
				SDKROOT = iphoneos;
				SWIFT_COMPILATION_MODE = wholemodule;
				SWIFT_OPTIMIZATION_LEVEL = "-O";
				VALIDATE_PRODUCT = YES;
			};
			name = Release;
		};
		2003EFC120F634E5002C4383 /* Debug */ = {
			isa = XCBuildConfiguration;
			buildSettings = {
				ASSETCATALOG_COMPILER_APPICON_NAME = AppIcon;
				CODE_SIGN_STYLE = Automatic;
				DEVELOPMENT_TEAM = UEY2EYVF5L;
				INFOPLIST_FILE = Alzahem/Info.plist;
				LD_RUNPATH_SEARCH_PATHS = (
					"$(inherited)",
					"@executable_path/Frameworks",
				);
				PRODUCT_BUNDLE_IDENTIFIER = com.ibra.Alzahem;
				PRODUCT_NAME = "$(TARGET_NAME)";
				SWIFT_VERSION = 4.0;
				TARGETED_DEVICE_FAMILY = "1,2";
			};
			name = Debug;
		};
		2003EFC220F634E5002C4383 /* Release */ = {
			isa = XCBuildConfiguration;
			buildSettings = {
				ASSETCATALOG_COMPILER_APPICON_NAME = AppIcon;
				CODE_SIGN_STYLE = Automatic;
				DEVELOPMENT_TEAM = UEY2EYVF5L;
				INFOPLIST_FILE = Alzahem/Info.plist;
				LD_RUNPATH_SEARCH_PATHS = (
					"$(inherited)",
					"@executable_path/Frameworks",
				);
				PRODUCT_BUNDLE_IDENTIFIER = com.ibra.Alzahem;
				PRODUCT_NAME = "$(TARGET_NAME)";
				SWIFT_VERSION = 4.0;
				TARGETED_DEVICE_FAMILY = "1,2";
			};
			name = Release;
		};
		2003EFC420F634E5002C4383 /* Debug */ = {
			isa = XCBuildConfiguration;
			buildSettings = {
				ALWAYS_EMBED_SWIFT_STANDARD_LIBRARIES = YES;
				BUNDLE_LOADER = "$(TEST_HOST)";
				CODE_SIGN_STYLE = Automatic;
				DEVELOPMENT_TEAM = UEY2EYVF5L;
				INFOPLIST_FILE = AlzahemTests/Info.plist;
				LD_RUNPATH_SEARCH_PATHS = (
					"$(inherited)",
					"@executable_path/Frameworks",
					"@loader_path/Frameworks",
				);
				PRODUCT_BUNDLE_IDENTIFIER = com.ibra.AlzahemTests;
				PRODUCT_NAME = "$(TARGET_NAME)";
				SWIFT_VERSION = 4.0;
				TARGETED_DEVICE_FAMILY = "1,2";
				TEST_HOST = "$(BUILT_PRODUCTS_DIR)/Alzahem.app/Alzahem";
			};
			name = Debug;
		};
		2003EFC520F634E5002C4383 /* Release */ = {
			isa = XCBuildConfiguration;
			buildSettings = {
				ALWAYS_EMBED_SWIFT_STANDARD_LIBRARIES = YES;
				BUNDLE_LOADER = "$(TEST_HOST)";
				CODE_SIGN_STYLE = Automatic;
				DEVELOPMENT_TEAM = UEY2EYVF5L;
				INFOPLIST_FILE = AlzahemTests/Info.plist;
				LD_RUNPATH_SEARCH_PATHS = (
					"$(inherited)",
					"@executable_path/Frameworks",
					"@loader_path/Frameworks",
				);
				PRODUCT_BUNDLE_IDENTIFIER = com.ibra.AlzahemTests;
				PRODUCT_NAME = "$(TARGET_NAME)";
				SWIFT_VERSION = 4.0;
				TARGETED_DEVICE_FAMILY = "1,2";
				TEST_HOST = "$(BUILT_PRODUCTS_DIR)/Alzahem.app/Alzahem";
			};
			name = Release;
		};
		2003EFC720F634E5002C4383 /* Debug */ = {
			isa = XCBuildConfiguration;
			buildSettings = {
				ALWAYS_EMBED_SWIFT_STANDARD_LIBRARIES = YES;
				CODE_SIGN_STYLE = Automatic;
				DEVELOPMENT_TEAM = UEY2EYVF5L;
				INFOPLIST_FILE = AlzahemUITests/Info.plist;
				LD_RUNPATH_SEARCH_PATHS = (
					"$(inherited)",
					"@executable_path/Frameworks",
					"@loader_path/Frameworks",
				);
				PRODUCT_BUNDLE_IDENTIFIER = com.ibra.AlzahemUITests;
				PRODUCT_NAME = "$(TARGET_NAME)";
				SWIFT_VERSION = 4.0;
				TARGETED_DEVICE_FAMILY = "1,2";
				TEST_TARGET_NAME = Alzahem;
			};
			name = Debug;
		};
		2003EFC820F634E5002C4383 /* Release */ = {
			isa = XCBuildConfiguration;
			buildSettings = {
				ALWAYS_EMBED_SWIFT_STANDARD_LIBRARIES = YES;
				CODE_SIGN_STYLE = Automatic;
				DEVELOPMENT_TEAM = UEY2EYVF5L;
				INFOPLIST_FILE = AlzahemUITests/Info.plist;
				LD_RUNPATH_SEARCH_PATHS = (
					"$(inherited)",
					"@executable_path/Frameworks",
					"@loader_path/Frameworks",
				);
				PRODUCT_BUNDLE_IDENTIFIER = com.ibra.AlzahemUITests;
				PRODUCT_NAME = "$(TARGET_NAME)";
				SWIFT_VERSION = 4.0;
				TARGETED_DEVICE_FAMILY = "1,2";
				TEST_TARGET_NAME = Alzahem;
			};
			name = Release;
		};
/* End XCBuildConfiguration section */

/* Begin XCConfigurationList section */
		2003EF9320F634E4002C4383 /* Build configuration list for PBXProject "Alzahem" */ = {
			isa = XCConfigurationList;
			buildConfigurations = (
				2003EFBE20F634E5002C4383 /* Debug */,
				2003EFBF20F634E5002C4383 /* Release */,
			);
			defaultConfigurationIsVisible = 0;
			defaultConfigurationName = Release;
		};
		2003EFC020F634E5002C4383 /* Build configuration list for PBXNativeTarget "Alzahem" */ = {
			isa = XCConfigurationList;
			buildConfigurations = (
				2003EFC120F634E5002C4383 /* Debug */,
				2003EFC220F634E5002C4383 /* Release */,
			);
			defaultConfigurationIsVisible = 0;
			defaultConfigurationName = Release;
		};
		2003EFC320F634E5002C4383 /* Build configuration list for PBXNativeTarget "AlzahemTests" */ = {
			isa = XCConfigurationList;
			buildConfigurations = (
				2003EFC420F634E5002C4383 /* Debug */,
				2003EFC520F634E5002C4383 /* Release */,
			);
			defaultConfigurationIsVisible = 0;
			defaultConfigurationName = Release;
		};
		2003EFC620F634E5002C4383 /* Build configuration list for PBXNativeTarget "AlzahemUITests" */ = {
			isa = XCConfigurationList;
			buildConfigurations = (
				2003EFC720F634E5002C4383 /* Debug */,
				2003EFC820F634E5002C4383 /* Release */,
			);
			defaultConfigurationIsVisible = 0;
			defaultConfigurationName = Release;
		};
/* End XCConfigurationList section */
	};
	rootObject = 2003EF9020F634E4002C4383 /* Project object */;
}
